// !$*UTF8*$!
{
	archiveVersion = 1;
	classes = {
	};
	objectVersion = 46;
	objects = {

/* Begin PBXBuildFile section */
		5824B4ED1A364F98009C9B9E /* queue.cpp in Sources */ = {isa = PBXBuildFile; fileRef = 5824B4EC1A364F98009C9B9E /* queue.cpp */; };
		58E013DD1A2AFFDE005D3130 /* main.cpp in Sources */ = {isa = PBXBuildFile; fileRef = 58E013DC1A2AFFDE005D3130 /* main.cpp */; };
		58E013E81A2BED4D005D3130 /* Graphs.cpp in Sources */ = {isa = PBXBuildFile; fileRef = 58E013E61A2BED4D005D3130 /* Graphs.cpp */; };
/* End PBXBuildFile section */

/* Begin PBXCopyFilesBuildPhase section */
		58E013D71A2AFFDE005D3130 /* CopyFiles */ = {
			isa = PBXCopyFilesBuildPhase;
			buildActionMask = 2147483647;
			dstPath = /usr/share/man/man1/;
			dstSubfolderSpec = 0;
			files = (
			);
			runOnlyForDeploymentPostprocessing = 1;
		};
/* End PBXCopyFilesBuildPhase section */

/* Begin PBXFileReference section */
		5824B4EC1A364F98009C9B9E /* queue.cpp */ = {isa = PBXFileReference; fileEncoding = 4; lastKnownFileType = sourcecode.cpp.cpp; path = queue.cpp; sourceTree = "<group>"; };
		5824B4EE1A364FAC009C9B9E /* queue.h */ = {isa = PBXFileReference; fileEncoding = 4; lastKnownFileType = sourcecode.c.h; path = queue.h; sourceTree = "<group>"; };
		58E013D91A2AFFDE005D3130 /* GraphApplication */ = {isa = PBXFileReference; explicitFileType = "compiled.mach-o.executable"; includeInIndex = 0; path = GraphApplication; sourceTree = BUILT_PRODUCTS_DIR; };
		58E013DC1A2AFFDE005D3130 /* main.cpp */ = {isa = PBXFileReference; lastKnownFileType = sourcecode.cpp.cpp; path = main.cpp; sourceTree = "<group>"; };
		58E013E61A2BED4D005D3130 /* Graphs.cpp */ = {isa = PBXFileReference; fileEncoding = 4; lastKnownFileType = sourcecode.cpp.cpp; path = Graphs.cpp; sourceTree = "<group>"; };
		58E013E71A2BED4D005D3130 /* Graphs.h */ = {isa = PBXFileReference; fileEncoding = 4; lastKnownFileType = sourcecode.c.h; path = Graphs.h; sourceTree = "<group>"; };
/* End PBXFileReference section */

/* Begin PBXFrameworksBuildPhase section */
		58E013D61A2AFFDE005D3130 /* Frameworks */ = {
			isa = PBXFrameworksBuildPhase;
			buildActionMask = 2147483647;
			files = (
			);
			runOnlyForDeploymentPostprocessing = 0;
		};
/* End PBXFrameworksBuildPhase section */

/* Begin PBXGroup section */
		58E013D01A2AFFDE005D3130 = {
			isa = PBXGroup;
			children = (
				58E013DB1A2AFFDE005D3130 /* GraphApplication */,
				58E013DA1A2AFFDE005D3130 /* Products */,
			);
			sourceTree = "<group>";
		};
		58E013DA1A2AFFDE005D3130 /* Products */ = {
			isa = PBXGroup;
			children = (
				58E013D91A2AFFDE005D3130 /* GraphApplication */,
			);
			name = Products;
			sourceTree = "<group>";
		};
		58E013DB1A2AFFDE005D3130 /* GraphApplication */ = {
			isa = PBXGroup;
			children = (
				58E013DC1A2AFFDE005D3130 /* main.cpp */,
				5824B4EE1A364FAC009C9B9E /* queue.h */,
				5824B4EC1A364F98009C9B9E /* queue.cpp */,
				58E013E61A2BED4D005D3130 /* Graphs.cpp */,
				58E013E71A2BED4D005D3130 /* Graphs.h */,
			);
			path = GraphApplication;
			sourceTree = "<group>";
		};
/* End PBXGroup section */

/* Begin PBXNativeTarget section */
		58E013D81A2AFFDE005D3130 /* GraphApplication */ = {
			isa = PBXNativeTarget;
			buildConfigurationList = 58E013E01A2AFFDE005D3130 /* Build configuration list for PBXNativeTarget "GraphApplication" */;
			buildPhases = (
				58E013D51A2AFFDE005D3130 /* Sources */,
				58E013D61A2AFFDE005D3130 /* Frameworks */,
				58E013D71A2AFFDE005D3130 /* CopyFiles */,
			);
			buildRules = (
			);
			dependencies = (
			);
			name = GraphApplication;
			productName = GraphApplication;
			productReference = 58E013D91A2AFFDE005D3130 /* GraphApplication */;
			productType = "com.apple.product-type.tool";
		};
/* End PBXNativeTarget section */

/* Begin PBXProject section */
		58E013D11A2AFFDE005D3130 /* Project object */ = {
			isa = PBXProject;
			attributes = {
				LastUpgradeCheck = 0610;
				ORGANIZATIONNAME = "Shiv chandra Kumar";
				TargetAttributes = {
					58E013D81A2AFFDE005D3130 = {
						CreatedOnToolsVersion = 6.1;
					};
				};
			};
			buildConfigurationList = 58E013D41A2AFFDE005D3130 /* Build configuration list for PBXProject "GraphApplication" */;
			compatibilityVersion = "Xcode 3.2";
			developmentRegion = English;
			hasScannedForEncodings = 0;
			knownRegions = (
				en,
			);
			mainGroup = 58E013D01A2AFFDE005D3130;
			productRefGroup = 58E013DA1A2AFFDE005D3130 /* Products */;
			projectDirPath = "";
			projectRoot = "";
			targets = (
				58E013D81A2AFFDE005D3130 /* GraphApplication */,
			);
		};
/* End PBXProject section */

/* Begin PBXSourcesBuildPhase section */
		58E013D51A2AFFDE005D3130 /* Sources */ = {
			isa = PBXSourcesBuildPhase;
			buildActionMask = 2147483647;
			files = (
				58E013DD1A2AFFDE005D3130 /* main.cpp in Sources */,
				58E013E81A2BED4D005D3130 /* Graphs.cpp in Sources */,
				5824B4ED1A364F98009C9B9E /* queue.cpp in Sources */,
			);
			runOnlyForDeploymentPostprocessing = 0;
		};
/* End PBXSourcesBuildPhase section */

/* Begin XCBuildConfiguration section */
		58E013DE1A2AFFDE005D3130 /* Debug */ = {
			isa = XCBuildConfiguration;
			buildSettings = {
				ALWAYS_SEARCH_USER_PATHS = NO;
				CLANG_CXX_LANGUAGE_STANDARD = "gnu++0x";
				CLANG_CXX_LIBRARY = "libc++";
				CLANG_ENABLE_MODULES = YES;
				CLANG_ENABLE_OBJC_ARC = YES;
				CLANG_WARN_BOOL_CONVERSION = YES;
				CLANG_WARN_CONSTANT_CONVERSION = YES;
				CLANG_WARN_DIRECT_OBJC_ISA_USAGE = YES_ERROR;
				CLANG_WARN_EMPTY_BODY = YES;
				CLANG_WARN_ENUM_CONVERSION = YES;
				CLANG_WARN_INT_CONVERSION = YES;
				CLANG_WARN_OBJC_ROOT_CLASS = YES_ERROR;
				CLANG_WARN_UNREACHABLE_CODE = YES;
				CLANG_WARN__DUPLICATE_METHOD_MATCH = YES;
				COPY_PHASE_STRIP = NO;
				ENABLE_STRICT_OBJC_MSGSEND = YES;
				GCC_C_LANGUAGE_STANDARD = gnu99;
				GCC_DYNAMIC_NO_PIC = NO;
				GCC_OPTIMIZATION_LEVEL = 0;
				GCC_PREPROCESSOR_DEFINITIONS = (
					"DEBUG=1",
					"$(inherited)",
				);
				GCC_SYMBOLS_PRIVATE_EXTERN = NO;
				GCC_WARN_64_TO_32_BIT_CONVERSION = YES;
				GCC_WARN_ABOUT_RETURN_TYPE = YES_ERROR;
				GCC_WARN_UNDECLARED_SELECTOR = YES;
				GCC_WARN_UNINITIALIZED_AUTOS = YES_AGGRESSIVE;
				GCC_WARN_UNUSED_FUNCTION = YES;
				GCC_WARN_UNUSED_VARIABLE = YES;
				MACOSX_DEPLOYMENT_TARGET = 10.10;
				MTL_ENABLE_DEBUG_INFO = YES;
				ONLY_ACTIVE_ARCH = YES;
				SDKROOT = macosx;
			};
			name = Debug;
		};
		58E013DF1A2AFFDE005D3130 /* Release */ = {
			isa = XCBuildConfiguration;
			buildSettings = {
				ALWAYS_SEARCH_USER_PATHS = NO;
				CLANG_CXX_LANGUAGE_STANDARD = "gnu++0x";
				CLANG_CXX_LIBRARY = "libc++";
				CLANG_ENABLE_MODULES = YES;
				CLANG_ENABLE_OBJC_ARC = YES;
				CLANG_WARN_BOOL_CONVERSION = YES;
				CLANG_WARN_CONSTANT_CONVERSION = YES;
				CLANG_WARN_DIRECT_OBJC_ISA_USAGE = YES_ERROR;
				CLANG_WARN_EMPTY_BODY = YES;
				CLANG_WARN_ENUM_CONVERSION = YES;
				CLANG_WARN_INT_CONVERSION = YES;
				CLANG_WARN_OBJC_ROOT_CLASS = YES_ERROR;
				CLANG_WARN_UNREACHABLE_CODE = YES;
				CLANG_WARN__DUPLICATE_METHOD_MATCH = YES;
				COPY_PHASE_STRIP = YES;
				DEBUG_INFORMATION_FORMAT = "dwarf-with-dsym";
				ENABLE_NS_ASSERTIONS = NO;
				ENABLE_STRICT_OBJC_MSGSEND = YES;
				GCC_C_LANGUAGE_STANDARD = gnu99;
				GCC_WARN_64_TO_32_BIT_CONVERSION = YES;
				GCC_WARN_ABOUT_RETURN_TYPE = YES_ERROR;
				GCC_WARN_UNDECLARED_SELECTOR = YES;
				GCC_WARN_UNINITIALIZED_AUTOS = YES_AGGRESSIVE;
				GCC_WARN_UNUSED_FUNCTION = YES;
				GCC_WARN_UNUSED_VARIABLE = YES;
				MACOSX_DEPLOYMENT_TARGET = 10.10;
				MTL_ENABLE_DEBUG_INFO = NO;
				SDKROOT = macosx;
			};
			name = Release;
		};
		58E013E11A2AFFDE005D3130 /* Debug */ = {
			isa = XCBuildConfiguration;
			buildSettings = {
				PRODUCT_NAME = "$(TARGET_NAME)";
			};
			name = Debug;
		};
		58E013E21A2AFFDE005D3130 /* Release */ = {
			isa = XCBuildConfiguration;
			buildSettings = {
				PRODUCT_NAME = "$(TARGET_NAME)";
			};
			name = Release;
		};
/* End XCBuildConfiguration section */

/* Begin XCConfigurationList section */
		58E013D41A2AFFDE005D3130 /* Build configuration list for PBXProject "GraphApplication" */ = {
			isa = XCConfigurationList;
			buildConfigurations = (
				58E013DE1A2AFFDE005D3130 /* Debug */,
				58E013DF1A2AFFDE005D3130 /* Release */,
			);
			defaultConfigurationIsVisible = 0;
			defaultConfigurationName = Release;
		};
		58E013E01A2AFFDE005D3130 /* Build configuration list for PBXNativeTarget "GraphApplication" */ = {
			isa = XCConfigurationList;
			buildConfigurations = (
				58E013E11A2AFFDE005D3130 /* Debug */,
				58E013E21A2AFFDE005D3130 /* Release */,
			);
			defaultConfigurationIsVisible = 0;
			defaultConfigurationName = Release;
		};
/* End XCConfigurationList section */
	};
	rootObject = 58E013D11A2AFFDE005D3130 /* Project object */;
}
